
Microsoft Visual Studio Solution File, Format Version 12.00
# Visual Studio 2013
VisualStudioVersion = 12.0.21005.1
MinimumVisualStudioVersion = 10.0.40219.1
Project("{FAE04EC0-301F-11D3-BF4B-00C04F79EFBC}") = "Ecommerce", "Ecommerce\Ecommerce.csproj", "{A9EDA8D0-758B-4875-A0BD-A986EDEF9039}"
EndProject
Project("{FAE04EC0-301F-11D3-BF4B-00C04F79EFBC}") = "Entity", "Entity\Entity.csproj", "{A743A8C4-CB9E-4650-8A74-1AA4A3EC12C4}"
EndProject
Project("{FAE04EC0-301F-11D3-BF4B-00C04F79EFBC}") = "DAL-EF", "DAL-EF\DAL-EF.csproj", "{4959428C-DDD5-4FC1-A340-C6877007D2A7}"
EndProject
Project("{FAE04EC0-301F-11D3-BF4B-00C04F79EFBC}") = "DALInterfaces", "DALInterfaces\DALInterfaces.csproj", "{BACF8643-1D92-443C-9C39-018C884B3767}"
EndProject
Project("{FAE04EC0-301F-11D3-BF4B-00C04F79EFBC}") = "DTO", "DTO\DTO.csproj", "{B5CC3AFE-97B6-49D4-BBD5-064F158643AE}"
EndProject
Project("{FAE04EC0-301F-11D3-BF4B-00C04F79EFBC}") = "ServiceInterfaces", "ServiceInterfaces\ServiceInterfaces.csproj", "{82487767-B1FF-45B8-A540-B32B17CCD3FC}"
EndProject
Project("{FAE04EC0-301F-11D3-BF4B-00C04F79EFBC}") = "Services", "Services\Services.csproj", "{C31F22F1-5D4D-40BE-9DFC-AA4B55D84B47}"
EndProject
Global
	GlobalSection(SolutionConfigurationPlatforms) = preSolution
		Debug|Any CPU = Debug|Any CPU
		Release|Any CPU = Release|Any CPU
	EndGlobalSection
	GlobalSection(ProjectConfigurationPlatforms) = postSolution
		{A9EDA8D0-758B-4875-A0BD-A986EDEF9039}.Debug|Any CPU.ActiveCfg = Debug|Any CPU
		{A9EDA8D0-758B-4875-A0BD-A986EDEF9039}.Debug|Any CPU.Build.0 = Debug|Any CPU
		{A9EDA8D0-758B-4875-A0BD-A986EDEF9039}.Release|Any CPU.ActiveCfg = Release|Any CPU
		{A9EDA8D0-758B-4875-A0BD-A986EDEF9039}.Release|Any CPU.Build.0 = Release|Any CPU
		{A743A8C4-CB9E-4650-8A74-1AA4A3EC12C4}.Debug|Any CPU.ActiveCfg = Debug|Any CPU
		{A743A8C4-CB9E-4650-8A74-1AA4A3EC12C4}.Debug|Any CPU.Build.0 = Debug|Any CPU
		{A743A8C4-CB9E-4650-8A74-1AA4A3EC12C4}.Release|Any CPU.ActiveCfg = Release|Any CPU
		{A743A8C4-CB9E-4650-8A74-1AA4A3EC12C4}.Release|Any CPU.Build.0 = Release|Any CPU
		{4959428C-DDD5-4FC1-A340-C6877007D2A7}.Debug|Any CPU.ActiveCfg = Debug|Any CPU
		{4959428C-DDD5-4FC1-A340-C6877007D2A7}.Debug|Any CPU.Build.0 = Debug|Any CPU
		{4959428C-DDD5-4FC1-A340-C6877007D2A7}.Release|Any CPU.ActiveCfg = Release|Any CPU
		{4959428C-DDD5-4FC1-A340-C6877007D2A7}.Release|Any CPU.Build.0 = Release|Any CPU
		{BACF8643-1D92-443C-9C39-018C884B3767}.Debug|Any CPU.ActiveCfg = Debug|Any CPU
		{BACF8643-1D92-443C-9C39-018C884B3767}.Debug|Any CPU.Build.0 = Debug|Any CPU
		{BACF8643-1D92-443C-9C39-018C884B3767}.Release|Any CPU.ActiveCfg = Release|Any CPU
		{BACF8643-1D92-443C-9C39-018C884B3767}.Release|Any CPU.Build.0 = Release|Any CPU
		{B5CC3AFE-97B6-49D4-BBD5-064F158643AE}.Debug|Any CPU.ActiveCfg = Debug|Any CPU
		{B5CC3AFE-97B6-49D4-BBD5-064F158643AE}.Debug|Any CPU.Build.0 = Debug|Any CPU
		{B5CC3AFE-97B6-49D4-BBD5-064F158643AE}.Release|Any CPU.ActiveCfg = Release|Any CPU
		{B5CC3AFE-97B6-49D4-BBD5-064F158643AE}.Release|Any CPU.Build.0 = Release|Any CPU
		{82487767-B1FF-45B8-A540-B32B17CCD3FC}.Debug|Any CPU.ActiveCfg = Debug|Any CPU
		{82487767-B1FF-45B8-A540-B32B17CCD3FC}.Debug|Any CPU.Build.0 = Debug|Any CPU
		{82487767-B1FF-45B8-A540-B32B17CCD3FC}.Release|Any CPU.ActiveCfg = Release|Any CPU
		{82487767-B1FF-45B8-A540-B32B17CCD3FC}.Release|Any CPU.Build.0 = Release|Any CPU
		{C31F22F1-5D4D-40BE-9DFC-AA4B55D84B47}.Debug|Any CPU.ActiveCfg = Debug|Any CPU
		{C31F22F1-5D4D-40BE-9DFC-AA4B55D84B47}.Debug|Any CPU.Build.0 = Debug|Any CPU
		{C31F22F1-5D4D-40BE-9DFC-AA4B55D84B47}.Release|Any CPU.ActiveCfg = Release|Any CPU
		{C31F22F1-5D4D-40BE-9DFC-AA4B55D84B47}.Release|Any CPU.Build.0 = Release|Any CPU
	EndGlobalSection
	GlobalSection(SolutionProperties) = preSolution
		HideSolutionNode = FALSE
	EndGlobalSection
EndGlobal
