
Microsoft Visual Studio Solution File, Format Version 12.00
# Visual Studio 2013
VisualStudioVersion = 12.0.21005.1
MinimumVisualStudioVersion = 10.0.40219.1
Project("{FAE04EC0-301F-11D3-BF4B-00C04F79EFBC}") = "Ecommerce", "Ecommerce\Ecommerce.csproj", "{A9EDA8D0-758B-4875-A0BD-A986EDEF9039}"
EndProject
Project("{FAE04EC0-301F-11D3-BF4B-00C04F79EFBC}") = "Entity", "Entity\Entity.csproj", "{A743A8C4-CB9E-4650-8A74-1AA4A3EC12C4}"
EndProject
Project("{FAE04EC0-301F-11D3-BF4B-00C04F79EFBC}") = "DAL-EF", "DAL-EF\DAL-EF.csproj", "{4959428C-DDD5-4FC1-A340-C6877007D2A7}"
EndProject
Global
	GlobalSection(SolutionConfigurationPlatforms) = preSolution
		Debug|Any CPU = Debug|Any CPU
		Release|Any CPU = Release|Any CPU
	EndGlobalSection
	GlobalSection(ProjectConfigurationPlatforms) = postSolution
		{A9EDA8D0-758B-4875-A0BD-A986EDEF9039}.Debug|Any CPU.ActiveCfg = Debug|Any CPU
		{A9EDA8D0-758B-4875-A0BD-A986EDEF9039}.Debug|Any CPU.Build.0 = Debug|Any CPU
		{A9EDA8D0-758B-4875-A0BD-A986EDEF9039}.Release|Any CPU.ActiveCfg = Release|Any CPU
		{A9EDA8D0-758B-4875-A0BD-A986EDEF9039}.Release|Any CPU.Build.0 = Release|Any CPU
		{A743A8C4-CB9E-4650-8A74-1AA4A3EC12C4}.Debug|Any CPU.ActiveCfg = Debug|Any CPU
		{A743A8C4-CB9E-4650-8A74-1AA4A3EC12C4}.Debug|Any CPU.Build.0 = Debug|Any CPU
		{A743A8C4-CB9E-4650-8A74-1AA4A3EC12C4}.Release|Any CPU.ActiveCfg = Release|Any CPU
		{A743A8C4-CB9E-4650-8A74-1AA4A3EC12C4}.Release|Any CPU.Build.0 = Release|Any CPU
		{4959428C-DDD5-4FC1-A340-C6877007D2A7}.Debug|Any CPU.ActiveCfg = Debug|Any CPU
		{4959428C-DDD5-4FC1-A340-C6877007D2A7}.Debug|Any CPU.Build.0 = Debug|Any CPU
		{4959428C-DDD5-4FC1-A340-C6877007D2A7}.Release|Any CPU.ActiveCfg = Release|Any CPU
		{4959428C-DDD5-4FC1-A340-C6877007D2A7}.Release|Any CPU.Build.0 = Release|Any CPU
	EndGlobalSection
	GlobalSection(SolutionProperties) = preSolution
		HideSolutionNode = FALSE
	EndGlobalSection
EndGlobal
